// !$*UTF8*$!
{
	archiveVersion = 1;
	classes = {
	};
	objectVersion = 55;
	objects = {

/* Begin PBXBuildFile section */
		C809715D27F59CC000D46ACE /* AccountViewModel.swift in Sources */ = {isa = PBXBuildFile; fileRef = C809715C27F59CC000D46ACE /* AccountViewModel.swift */; };
		C809715F27F59CC900D46ACE /* CategoryViewModel.swift in Sources */ = {isa = PBXBuildFile; fileRef = C809715E27F59CC900D46ACE /* CategoryViewModel.swift */; };
		C809716127F5DBA400D46ACE /* ModalCategoryView.swift in Sources */ = {isa = PBXBuildFile; fileRef = C809716027F5DBA400D46ACE /* ModalCategoryView.swift */; };
		C82D526A2807C2CD00148821 /* CustomNumberField.swift in Sources */ = {isa = PBXBuildFile; fileRef = C82D52692807C2CD00148821 /* CustomNumberField.swift */; };
		C82D526D2808789B00148821 /* TransactionModalView.swift in Sources */ = {isa = PBXBuildFile; fileRef = C82D526C2808789B00148821 /* TransactionModalView.swift */; };
		C82D527228097C9A00148821 /* SearchView.swift in Sources */ = {isa = PBXBuildFile; fileRef = C82D527128097C9A00148821 /* SearchView.swift */; };
		C82D52762809C9DD00148821 /* StringExt.swift in Sources */ = {isa = PBXBuildFile; fileRef = C82D52752809C9DD00148821 /* StringExt.swift */; };
		C832C89F2805BBF1006FA80A /* TransactionListViewModel.swift in Sources */ = {isa = PBXBuildFile; fileRef = C832C89E2805BBF1006FA80A /* TransactionListViewModel.swift */; };
		C832C8A32805D70D006FA80A /* TransactionDetailView.swift in Sources */ = {isa = PBXBuildFile; fileRef = C832C8A22805D70D006FA80A /* TransactionDetailView.swift */; };
		C83D08E127F6C0A3006CD28A /* ModalAccountView.swift in Sources */ = {isa = PBXBuildFile; fileRef = C83D08E027F6C0A3006CD28A /* ModalAccountView.swift */; };
		C83D08E327F74084006CD28A /* BudgetView.swift in Sources */ = {isa = PBXBuildFile; fileRef = C83D08E227F74084006CD28A /* BudgetView.swift */; };
		C83D08E527F755E8006CD28A /* GoalView.swift in Sources */ = {isa = PBXBuildFile; fileRef = C83D08E427F755E8006CD28A /* GoalView.swift */; };
		C83D08E727F7561E006CD28A /* GoalViewModel.swift in Sources */ = {isa = PBXBuildFile; fileRef = C83D08E627F7561E006CD28A /* GoalViewModel.swift */; };
		C83D08E927F75BAD006CD28A /* ModalGoalView.swift in Sources */ = {isa = PBXBuildFile; fileRef = C83D08E827F75BAD006CD28A /* ModalGoalView.swift */; };
		C83D08EB27F7DEC8006CD28A /* ModalGoalAddDepositView.swift in Sources */ = {isa = PBXBuildFile; fileRef = C83D08EA27F7DEC8006CD28A /* ModalGoalAddDepositView.swift */; };
		C83D08ED27F9DC5C006CD28A /* UIApplicationExt.swift in Sources */ = {isa = PBXBuildFile; fileRef = C83D08EC27F9DC5C006CD28A /* UIApplicationExt.swift */; };
		C83D08EF27F9E258006CD28A /* DateExt.swift in Sources */ = {isa = PBXBuildFile; fileRef = C83D08EE27F9E258006CD28A /* DateExt.swift */; };
		C849789927FF1D9500A77590 /* PickerCategoryView.swift in Sources */ = {isa = PBXBuildFile; fileRef = C849789827FF1D9400A77590 /* PickerCategoryView.swift */; };
		C849789B27FF4B8E00A77590 /* ModalBudgetGraphView.swift in Sources */ = {isa = PBXBuildFile; fileRef = C849789A27FF4B8E00A77590 /* ModalBudgetGraphView.swift */; };
		C849789E27FFC06C00A77590 /* PieSliceView.swift in Sources */ = {isa = PBXBuildFile; fileRef = C849789D27FFC06C00A77590 /* PieSliceView.swift */; };
		C84978A027FFCCD500A77590 /* PieChartView.swift in Sources */ = {isa = PBXBuildFile; fileRef = C849789F27FFCCD500A77590 /* PieChartView.swift */; };
		C84978A328028E0800A77590 /* LoadingView.swift in Sources */ = {isa = PBXBuildFile; fileRef = C84978A228028E0800A77590 /* LoadingView.swift */; };
		C84978A528029FE100A77590 /* App.swift in Sources */ = {isa = PBXBuildFile; fileRef = C84978A428029FE100A77590 /* App.swift */; };
		C84978AA28031E1300A77590 /* BarColumnView.swift in Sources */ = {isa = PBXBuildFile; fileRef = C84978A928031E1300A77590 /* BarColumnView.swift */; };
		C84978AC2803542A00A77590 /* BarChartView.swift in Sources */ = {isa = PBXBuildFile; fileRef = C84978AB2803542A00A77590 /* BarChartView.swift */; };
		C85C7A00280BD1E700E5D6AC /* ThemeManager.swift in Sources */ = {isa = PBXBuildFile; fileRef = C85C79FF280BD1E700E5D6AC /* ThemeManager.swift */; };
		C865E34727ED8D3600332632 /* MoneyProApp.swift in Sources */ = {isa = PBXBuildFile; fileRef = C865E34627ED8D3600332632 /* MoneyProApp.swift */; };
		C865E34927ED8D3600332632 /* ContentView.swift in Sources */ = {isa = PBXBuildFile; fileRef = C865E34827ED8D3600332632 /* ContentView.swift */; };
		C865E34B27ED8D3800332632 /* Assets.xcassets in Resources */ = {isa = PBXBuildFile; fileRef = C865E34A27ED8D3800332632 /* Assets.xcassets */; };
		C865E34E27ED8D3800332632 /* Preview Assets.xcassets in Resources */ = {isa = PBXBuildFile; fileRef = C865E34D27ED8D3800332632 /* Preview Assets.xcassets */; };
		C865E35827ED8D3800332632 /* MoneyProTests.swift in Sources */ = {isa = PBXBuildFile; fileRef = C865E35727ED8D3800332632 /* MoneyProTests.swift */; };
		C865E36227ED8D3800332632 /* MoneyProUITests.swift in Sources */ = {isa = PBXBuildFile; fileRef = C865E36127ED8D3800332632 /* MoneyProUITests.swift */; };
		C865E36427ED8D3800332632 /* MoneyProUITestsLaunchTests.swift in Sources */ = {isa = PBXBuildFile; fileRef = C865E36327ED8D3800332632 /* MoneyProUITestsLaunchTests.swift */; };
		C865E37127ED8D9E00332632 /* LaunchScreen.storyboard in Resources */ = {isa = PBXBuildFile; fileRef = C865E37027ED8D9E00332632 /* LaunchScreen.storyboard */; };
		C865E37527EDBA3300332632 /* SignUpView.swift in Sources */ = {isa = PBXBuildFile; fileRef = C865E37427EDBA3300332632 /* SignUpView.swift */; };
		C865E37727EDBA3B00332632 /* SignInView.swift in Sources */ = {isa = PBXBuildFile; fileRef = C865E37627EDBA3B00332632 /* SignInView.swift */; };
		C865E37A27EDBAB900332632 /* AppState.swift in Sources */ = {isa = PBXBuildFile; fileRef = C865E37927EDBAB900332632 /* AppState.swift */; };
		C865E37C27EDBAF000332632 /* User.swift in Sources */ = {isa = PBXBuildFile; fileRef = C865E37B27EDBAF000332632 /* User.swift */; };
		C865E37E27EDBE0500332632 /* UIConfiguration.swift in Sources */ = {isa = PBXBuildFile; fileRef = C865E37D27EDBE0500332632 /* UIConfiguration.swift */; };
		C865E38027EDBE1700332632 /* UIColorExt.swift in Sources */ = {isa = PBXBuildFile; fileRef = C865E37F27EDBE1700332632 /* UIColorExt.swift */; };
		C865E38327EDC77F00332632 /* SignInViewModel.swift in Sources */ = {isa = PBXBuildFile; fileRef = C865E38227EDC77F00332632 /* SignInViewModel.swift */; };
		C865E38527EDC7C600332632 /* StatusViewModel.swift in Sources */ = {isa = PBXBuildFile; fileRef = C865E38427EDC7C600332632 /* StatusViewModel.swift */; };
		C865E38827EDD31E00332632 /* AuthAPI.swift in Sources */ = {isa = PBXBuildFile; fileRef = C865E38727EDD31E00332632 /* AuthAPI.swift */; };
		C865E38A27EDD32A00332632 /* AuthService.swift in Sources */ = {isa = PBXBuildFile; fileRef = C865E38927EDD32A00332632 /* AuthService.swift */; };
		C865E38C27EDD3D000332632 /* APIConfiguration.swift in Sources */ = {isa = PBXBuildFile; fileRef = C865E38B27EDD3D000332632 /* APIConfiguration.swift */; };
		C865E39527EE0D5A00332632 /* HomeView.swift in Sources */ = {isa = PBXBuildFile; fileRef = C865E39427EE0D5A00332632 /* HomeView.swift */; };
		C865E3D527EED74D00332632 /* Utils.swift in Sources */ = {isa = PBXBuildFile; fileRef = C865E3D427EED74D00332632 /* Utils.swift */; };
		C865E3D927EEDE5200332632 /* CustomTextField.swift in Sources */ = {isa = PBXBuildFile; fileRef = C865E3D827EEDE5200332632 /* CustomTextField.swift */; };
		C865E3DB27EEDE7900332632 /* CustomModifier.swift in Sources */ = {isa = PBXBuildFile; fileRef = C865E3DA27EEDE7900332632 /* CustomModifier.swift */; };
		C865E3DF27EEE23E00332632 /* SignUpViewModel.swift in Sources */ = {isa = PBXBuildFile; fileRef = C865E3DE27EEE23E00332632 /* SignUpViewModel.swift */; };
		C86ABDE1280659CA0057E53B /* PickerAccountView.swift in Sources */ = {isa = PBXBuildFile; fileRef = C86ABDE0280659CA0057E53B /* PickerAccountView.swift */; };
		C86CFBF827F6A1BE00DDD493 /* ArrayExt.swift in Sources */ = {isa = PBXBuildFile; fileRef = C86CFBF727F6A1BE00DDD493 /* ArrayExt.swift */; };
		C874C60727EF43AC00624143 /* DashboardView.swift in Sources */ = {isa = PBXBuildFile; fileRef = C874C60627EF43AC00624143 /* DashboardView.swift */; };
		C874C60B27EF768700624143 /* CategoryView.swift in Sources */ = {isa = PBXBuildFile; fileRef = C874C60A27EF768700624143 /* CategoryView.swift */; };
		C874C60D27EF772F00624143 /* AccountView.swift in Sources */ = {isa = PBXBuildFile; fileRef = C874C60C27EF772F00624143 /* AccountView.swift */; };
		C874C61127EF7BAA00624143 /* MoreView.swift in Sources */ = {isa = PBXBuildFile; fileRef = C874C61027EF7BAA00624143 /* MoreView.swift */; };
		C874C61627F019A100624143 /* AccountDetails.swift in Sources */ = {isa = PBXBuildFile; fileRef = C874C61527F019A100624143 /* AccountDetails.swift */; };
		C874C61827F019BD00624143 /* EmailSettingView.swift in Sources */ = {isa = PBXBuildFile; fileRef = C874C61727F019BD00624143 /* EmailSettingView.swift */; };
		C87D38D228046FA300AC07B5 /* NumberExt.swift in Sources */ = {isa = PBXBuildFile; fileRef = C87D38D128046FA300AC07B5 /* NumberExt.swift */; };
		C87D38D52805185C00AC07B5 /* CategoryReportViewModel.swift in Sources */ = {isa = PBXBuildFile; fileRef = C87D38D42805185C00AC07B5 /* CategoryReportViewModel.swift */; };
		C87D38D72805256E00AC07B5 /* TransactionReportViewModel.swift in Sources */ = {isa = PBXBuildFile; fileRef = C87D38D62805256E00AC07B5 /* TransactionReportViewModel.swift */; };
		C87D38DA28052DC900AC07B5 /* TransactionListView.swift in Sources */ = {isa = PBXBuildFile; fileRef = C87D38D928052DC900AC07B5 /* TransactionListView.swift */; };
		C88CA3C427FB061F000BB1CF /* BudgetViewModel.swift in Sources */ = {isa = PBXBuildFile; fileRef = C88CA3C327FB061F000BB1CF /* BudgetViewModel.swift */; };
		C88CA3C627FD3A9C000BB1CF /* UserManagementView.swift in Sources */ = {isa = PBXBuildFile; fileRef = C88CA3C527FD3A9C000BB1CF /* UserManagementView.swift */; };
		C88CA3C827FD3B0D000BB1CF /* UserManagementViewModel.swift in Sources */ = {isa = PBXBuildFile; fileRef = C88CA3C727FD3B0D000BB1CF /* UserManagementViewModel.swift */; };
		C88CA3CA27FD3C8D000BB1CF /* ModalUserManagementView.swift in Sources */ = {isa = PBXBuildFile; fileRef = C88CA3C927FD3C8D000BB1CF /* ModalUserManagementView.swift */; };
		C8C2C9E227F1FC9100921EAE /* MenuItem.swift in Sources */ = {isa = PBXBuildFile; fileRef = C8C2C9E127F1FC9100921EAE /* MenuItem.swift */; };
		C8C2C9E527F1FDFF00921EAE /* ApplicationSettingView.swift in Sources */ = {isa = PBXBuildFile; fileRef = C8C2C9E427F1FDFF00921EAE /* ApplicationSettingView.swift */; };
		C8C2C9E727F1FF8900921EAE /* ApplicationSettingViewModel.swift in Sources */ = {isa = PBXBuildFile; fileRef = C8C2C9E627F1FF8900921EAE /* ApplicationSettingViewModel.swift */; };
		C8C2C9EB27F2070D00921EAE /* CustomTextEditor.swift in Sources */ = {isa = PBXBuildFile; fileRef = C8C2C9EA27F2070D00921EAE /* CustomTextEditor.swift */; };
		C8C2C9EF27F20F0200921EAE /* SiteSetting.swift in Sources */ = {isa = PBXBuildFile; fileRef = C8C2C9EE27F20F0200921EAE /* SiteSetting.swift */; };
		C8C2C9F927F2A9BB00921EAE /* EmailSettingViewModel.swift in Sources */ = {isa = PBXBuildFile; fileRef = C8C2C9F827F2A9BB00921EAE /* EmailSettingViewModel.swift */; };
		C8C2C9FE27F2AA6400921EAE /* EmailSetting.swift in Sources */ = {isa = PBXBuildFile; fileRef = C8C2C9FD27F2AA6400921EAE /* EmailSetting.swift */; };
		C8C2CA0427F3111F00921EAE /* ReportView.swift in Sources */ = {isa = PBXBuildFile; fileRef = C8C2CA0327F3111F00921EAE /* ReportView.swift */; };
		C8D5D6D327FEE1A700ED8A3B /* ModalBudgetView.swift in Sources */ = {isa = PBXBuildFile; fileRef = C8D5D6D227FEE1A700ED8A3B /* ModalBudgetView.swift */; };
		C8DEC2A027F0743000F2958C /* AccountDetailsModel.swift in Sources */ = {isa = PBXBuildFile; fileRef = C8DEC29F27F0743000F2958C /* AccountDetailsModel.swift */; };
		C8DEC2A227F08FAE00F2958C /* Response.swift in Sources */ = {isa = PBXBuildFile; fileRef = C8DEC2A127F08FAE00F2958C /* Response.swift */; };
		C8DEC2A427F0B75000F2958C /* ChangePassword.swift in Sources */ = {isa = PBXBuildFile; fileRef = C8DEC2A327F0B75000F2958C /* ChangePassword.swift */; };
		C8E6D1F42804583D005C8F0B /* ReportViewModel.swift in Sources */ = {isa = PBXBuildFile; fileRef = C8E6D1F32804583D005C8F0B /* ReportViewModel.swift */; };
/* End PBXBuildFile section */

/* Begin PBXContainerItemProxy section */
		C865E35427ED8D3800332632 /* PBXContainerItemProxy */ = {
			isa = PBXContainerItemProxy;
			containerPortal = C865E33B27ED8D3600332632 /* Project object */;
			proxyType = 1;
			remoteGlobalIDString = C865E34227ED8D3600332632;
			remoteInfo = MoneyPro;
		};
		C865E35E27ED8D3800332632 /* PBXContainerItemProxy */ = {
			isa = PBXContainerItemProxy;
			containerPortal = C865E33B27ED8D3600332632 /* Project object */;
			proxyType = 1;
			remoteGlobalIDString = C865E34227ED8D3600332632;
			remoteInfo = MoneyPro;
		};
/* End PBXContainerItemProxy section */

/* Begin PBXFileReference section */
		C809715C27F59CC000D46ACE /* AccountViewModel.swift */ = {isa = PBXFileReference; lastKnownFileType = sourcecode.swift; path = AccountViewModel.swift; sourceTree = "<group>"; };
		C809715E27F59CC900D46ACE /* CategoryViewModel.swift */ = {isa = PBXFileReference; lastKnownFileType = sourcecode.swift; path = CategoryViewModel.swift; sourceTree = "<group>"; };
		C809716027F5DBA400D46ACE /* ModalCategoryView.swift */ = {isa = PBXFileReference; lastKnownFileType = sourcecode.swift; path = ModalCategoryView.swift; sourceTree = "<group>"; };
		C82D52692807C2CD00148821 /* CustomNumberField.swift */ = {isa = PBXFileReference; lastKnownFileType = sourcecode.swift; path = CustomNumberField.swift; sourceTree = "<group>"; };
		C82D526C2808789B00148821 /* TransactionModalView.swift */ = {isa = PBXFileReference; lastKnownFileType = sourcecode.swift; path = TransactionModalView.swift; sourceTree = "<group>"; };
		C82D527128097C9A00148821 /* SearchView.swift */ = {isa = PBXFileReference; lastKnownFileType = sourcecode.swift; path = SearchView.swift; sourceTree = "<group>"; };
		C82D52752809C9DD00148821 /* StringExt.swift */ = {isa = PBXFileReference; lastKnownFileType = sourcecode.swift; path = StringExt.swift; sourceTree = "<group>"; };
		C832C89E2805BBF1006FA80A /* TransactionListViewModel.swift */ = {isa = PBXFileReference; lastKnownFileType = sourcecode.swift; path = TransactionListViewModel.swift; sourceTree = "<group>"; };
		C832C8A22805D70D006FA80A /* TransactionDetailView.swift */ = {isa = PBXFileReference; lastKnownFileType = sourcecode.swift; path = TransactionDetailView.swift; sourceTree = "<group>"; };
		C83D08E027F6C0A3006CD28A /* ModalAccountView.swift */ = {isa = PBXFileReference; lastKnownFileType = sourcecode.swift; path = ModalAccountView.swift; sourceTree = "<group>"; };
		C83D08E227F74084006CD28A /* BudgetView.swift */ = {isa = PBXFileReference; lastKnownFileType = sourcecode.swift; path = BudgetView.swift; sourceTree = "<group>"; };
		C83D08E427F755E8006CD28A /* GoalView.swift */ = {isa = PBXFileReference; lastKnownFileType = sourcecode.swift; path = GoalView.swift; sourceTree = "<group>"; };
		C83D08E627F7561E006CD28A /* GoalViewModel.swift */ = {isa = PBXFileReference; lastKnownFileType = sourcecode.swift; path = GoalViewModel.swift; sourceTree = "<group>"; };
		C83D08E827F75BAD006CD28A /* ModalGoalView.swift */ = {isa = PBXFileReference; lastKnownFileType = sourcecode.swift; path = ModalGoalView.swift; sourceTree = "<group>"; };
		C83D08EA27F7DEC8006CD28A /* ModalGoalAddDepositView.swift */ = {isa = PBXFileReference; lastKnownFileType = sourcecode.swift; path = ModalGoalAddDepositView.swift; sourceTree = "<group>"; };
		C83D08EC27F9DC5C006CD28A /* UIApplicationExt.swift */ = {isa = PBXFileReference; lastKnownFileType = sourcecode.swift; path = UIApplicationExt.swift; sourceTree = "<group>"; };
		C83D08EE27F9E258006CD28A /* DateExt.swift */ = {isa = PBXFileReference; lastKnownFileType = sourcecode.swift; path = DateExt.swift; sourceTree = "<group>"; };
		C849789827FF1D9400A77590 /* PickerCategoryView.swift */ = {isa = PBXFileReference; lastKnownFileType = sourcecode.swift; path = PickerCategoryView.swift; sourceTree = "<group>"; };
		C849789A27FF4B8E00A77590 /* ModalBudgetGraphView.swift */ = {isa = PBXFileReference; lastKnownFileType = sourcecode.swift; path = ModalBudgetGraphView.swift; sourceTree = "<group>"; };
		C849789D27FFC06C00A77590 /* PieSliceView.swift */ = {isa = PBXFileReference; lastKnownFileType = sourcecode.swift; path = PieSliceView.swift; sourceTree = "<group>"; };
		C849789F27FFCCD500A77590 /* PieChartView.swift */ = {isa = PBXFileReference; lastKnownFileType = sourcecode.swift; path = PieChartView.swift; sourceTree = "<group>"; };
		C84978A228028E0800A77590 /* LoadingView.swift */ = {isa = PBXFileReference; lastKnownFileType = sourcecode.swift; path = LoadingView.swift; sourceTree = "<group>"; };
		C84978A428029FE100A77590 /* App.swift */ = {isa = PBXFileReference; lastKnownFileType = sourcecode.swift; path = App.swift; sourceTree = "<group>"; };
		C84978A928031E1300A77590 /* BarColumnView.swift */ = {isa = PBXFileReference; lastKnownFileType = sourcecode.swift; path = BarColumnView.swift; sourceTree = "<group>"; };
		C84978AB2803542A00A77590 /* BarChartView.swift */ = {isa = PBXFileReference; lastKnownFileType = sourcecode.swift; path = BarChartView.swift; sourceTree = "<group>"; };
		C85C79FF280BD1E700E5D6AC /* ThemeManager.swift */ = {isa = PBXFileReference; lastKnownFileType = sourcecode.swift; path = ThemeManager.swift; sourceTree = "<group>"; };
		C865E34327ED8D3600332632 /* MoneyPro.app */ = {isa = PBXFileReference; explicitFileType = wrapper.application; includeInIndex = 0; path = MoneyPro.app; sourceTree = BUILT_PRODUCTS_DIR; };
		C865E34627ED8D3600332632 /* MoneyProApp.swift */ = {isa = PBXFileReference; lastKnownFileType = sourcecode.swift; path = MoneyProApp.swift; sourceTree = "<group>"; };
		C865E34827ED8D3600332632 /* ContentView.swift */ = {isa = PBXFileReference; lastKnownFileType = sourcecode.swift; path = ContentView.swift; sourceTree = "<group>"; };
		C865E34A27ED8D3800332632 /* Assets.xcassets */ = {isa = PBXFileReference; lastKnownFileType = folder.assetcatalog; path = Assets.xcassets; sourceTree = "<group>"; };
		C865E34D27ED8D3800332632 /* Preview Assets.xcassets */ = {isa = PBXFileReference; lastKnownFileType = folder.assetcatalog; path = "Preview Assets.xcassets"; sourceTree = "<group>"; };
		C865E35327ED8D3800332632 /* MoneyProTests.xctest */ = {isa = PBXFileReference; explicitFileType = wrapper.cfbundle; includeInIndex = 0; path = MoneyProTests.xctest; sourceTree = BUILT_PRODUCTS_DIR; };
		C865E35727ED8D3800332632 /* MoneyProTests.swift */ = {isa = PBXFileReference; lastKnownFileType = sourcecode.swift; path = MoneyProTests.swift; sourceTree = "<group>"; };
		C865E35D27ED8D3800332632 /* MoneyProUITests.xctest */ = {isa = PBXFileReference; explicitFileType = wrapper.cfbundle; includeInIndex = 0; path = MoneyProUITests.xctest; sourceTree = BUILT_PRODUCTS_DIR; };
		C865E36127ED8D3800332632 /* MoneyProUITests.swift */ = {isa = PBXFileReference; lastKnownFileType = sourcecode.swift; path = MoneyProUITests.swift; sourceTree = "<group>"; };
		C865E36327ED8D3800332632 /* MoneyProUITestsLaunchTests.swift */ = {isa = PBXFileReference; lastKnownFileType = sourcecode.swift; path = MoneyProUITestsLaunchTests.swift; sourceTree = "<group>"; };
		C865E37027ED8D9E00332632 /* LaunchScreen.storyboard */ = {isa = PBXFileReference; lastKnownFileType = file.storyboard; path = LaunchScreen.storyboard; sourceTree = "<group>"; };
		C865E37427EDBA3300332632 /* SignUpView.swift */ = {isa = PBXFileReference; lastKnownFileType = sourcecode.swift; path = SignUpView.swift; sourceTree = "<group>"; };
		C865E37627EDBA3B00332632 /* SignInView.swift */ = {isa = PBXFileReference; lastKnownFileType = sourcecode.swift; path = SignInView.swift; sourceTree = "<group>"; };
		C865E37927EDBAB900332632 /* AppState.swift */ = {isa = PBXFileReference; lastKnownFileType = sourcecode.swift; path = AppState.swift; sourceTree = "<group>"; };
		C865E37B27EDBAF000332632 /* User.swift */ = {isa = PBXFileReference; lastKnownFileType = sourcecode.swift; path = User.swift; sourceTree = "<group>"; };
		C865E37D27EDBE0500332632 /* UIConfiguration.swift */ = {isa = PBXFileReference; lastKnownFileType = sourcecode.swift; path = UIConfiguration.swift; sourceTree = "<group>"; };
		C865E37F27EDBE1700332632 /* UIColorExt.swift */ = {isa = PBXFileReference; lastKnownFileType = sourcecode.swift; path = UIColorExt.swift; sourceTree = "<group>"; };
		C865E38227EDC77F00332632 /* SignInViewModel.swift */ = {isa = PBXFileReference; lastKnownFileType = sourcecode.swift; path = SignInViewModel.swift; sourceTree = "<group>"; };
		C865E38427EDC7C600332632 /* StatusViewModel.swift */ = {isa = PBXFileReference; lastKnownFileType = sourcecode.swift; path = StatusViewModel.swift; sourceTree = "<group>"; };
		C865E38727EDD31E00332632 /* AuthAPI.swift */ = {isa = PBXFileReference; lastKnownFileType = sourcecode.swift; path = AuthAPI.swift; sourceTree = "<group>"; };
		C865E38927EDD32A00332632 /* AuthService.swift */ = {isa = PBXFileReference; lastKnownFileType = sourcecode.swift; path = AuthService.swift; sourceTree = "<group>"; };
		C865E38B27EDD3D000332632 /* APIConfiguration.swift */ = {isa = PBXFileReference; lastKnownFileType = sourcecode.swift; path = APIConfiguration.swift; sourceTree = "<group>"; };
		C865E39427EE0D5A00332632 /* HomeView.swift */ = {isa = PBXFileReference; lastKnownFileType = sourcecode.swift; path = HomeView.swift; sourceTree = "<group>"; };
		C865E3D427EED74D00332632 /* Utils.swift */ = {isa = PBXFileReference; lastKnownFileType = sourcecode.swift; path = Utils.swift; sourceTree = "<group>"; };
		C865E3D827EEDE5200332632 /* CustomTextField.swift */ = {isa = PBXFileReference; lastKnownFileType = sourcecode.swift; path = CustomTextField.swift; sourceTree = "<group>"; };
		C865E3DA27EEDE7900332632 /* CustomModifier.swift */ = {isa = PBXFileReference; lastKnownFileType = sourcecode.swift; path = CustomModifier.swift; sourceTree = "<group>"; };
		C865E3DE27EEE23E00332632 /* SignUpViewModel.swift */ = {isa = PBXFileReference; lastKnownFileType = sourcecode.swift; path = SignUpViewModel.swift; sourceTree = "<group>"; };
		C86ABDE0280659CA0057E53B /* PickerAccountView.swift */ = {isa = PBXFileReference; lastKnownFileType = sourcecode.swift; path = PickerAccountView.swift; sourceTree = "<group>"; };
		C86CFBF727F6A1BE00DDD493 /* ArrayExt.swift */ = {isa = PBXFileReference; lastKnownFileType = sourcecode.swift; path = ArrayExt.swift; sourceTree = "<group>"; };
		C874C60627EF43AC00624143 /* DashboardView.swift */ = {isa = PBXFileReference; lastKnownFileType = sourcecode.swift; path = DashboardView.swift; sourceTree = "<group>"; };
		C874C60A27EF768700624143 /* CategoryView.swift */ = {isa = PBXFileReference; lastKnownFileType = sourcecode.swift; path = CategoryView.swift; sourceTree = "<group>"; };
		C874C60C27EF772F00624143 /* AccountView.swift */ = {isa = PBXFileReference; lastKnownFileType = sourcecode.swift; path = AccountView.swift; sourceTree = "<group>"; };
		C874C61027EF7BAA00624143 /* MoreView.swift */ = {isa = PBXFileReference; lastKnownFileType = sourcecode.swift; path = MoreView.swift; sourceTree = "<group>"; };
		C874C61527F019A100624143 /* AccountDetails.swift */ = {isa = PBXFileReference; lastKnownFileType = sourcecode.swift; path = AccountDetails.swift; sourceTree = "<group>"; };
		C874C61727F019BD00624143 /* EmailSettingView.swift */ = {isa = PBXFileReference; lastKnownFileType = sourcecode.swift; path = EmailSettingView.swift; sourceTree = "<group>"; };
		C87D38D128046FA300AC07B5 /* NumberExt.swift */ = {isa = PBXFileReference; lastKnownFileType = sourcecode.swift; path = NumberExt.swift; sourceTree = "<group>"; };
		C87D38D42805185C00AC07B5 /* CategoryReportViewModel.swift */ = {isa = PBXFileReference; lastKnownFileType = sourcecode.swift; path = CategoryReportViewModel.swift; sourceTree = "<group>"; };
		C87D38D62805256E00AC07B5 /* TransactionReportViewModel.swift */ = {isa = PBXFileReference; lastKnownFileType = sourcecode.swift; path = TransactionReportViewModel.swift; sourceTree = "<group>"; };
		C87D38D928052DC900AC07B5 /* TransactionListView.swift */ = {isa = PBXFileReference; lastKnownFileType = sourcecode.swift; path = TransactionListView.swift; sourceTree = "<group>"; };
		C88CA3C327FB061F000BB1CF /* BudgetViewModel.swift */ = {isa = PBXFileReference; lastKnownFileType = sourcecode.swift; path = BudgetViewModel.swift; sourceTree = "<group>"; };
		C88CA3C527FD3A9C000BB1CF /* UserManagementView.swift */ = {isa = PBXFileReference; lastKnownFileType = sourcecode.swift; path = UserManagementView.swift; sourceTree = "<group>"; };
		C88CA3C727FD3B0D000BB1CF /* UserManagementViewModel.swift */ = {isa = PBXFileReference; lastKnownFileType = sourcecode.swift; path = UserManagementViewModel.swift; sourceTree = "<group>"; };
		C88CA3C927FD3C8D000BB1CF /* ModalUserManagementView.swift */ = {isa = PBXFileReference; lastKnownFileType = sourcecode.swift; path = ModalUserManagementView.swift; sourceTree = "<group>"; };
		C8C2C9E127F1FC9100921EAE /* MenuItem.swift */ = {isa = PBXFileReference; lastKnownFileType = sourcecode.swift; path = MenuItem.swift; sourceTree = "<group>"; };
		C8C2C9E427F1FDFF00921EAE /* ApplicationSettingView.swift */ = {isa = PBXFileReference; lastKnownFileType = sourcecode.swift; path = ApplicationSettingView.swift; sourceTree = "<group>"; };
		C8C2C9E627F1FF8900921EAE /* ApplicationSettingViewModel.swift */ = {isa = PBXFileReference; lastKnownFileType = sourcecode.swift; path = ApplicationSettingViewModel.swift; sourceTree = "<group>"; };
		C8C2C9EA27F2070D00921EAE /* CustomTextEditor.swift */ = {isa = PBXFileReference; lastKnownFileType = sourcecode.swift; path = CustomTextEditor.swift; sourceTree = "<group>"; };
		C8C2C9EE27F20F0200921EAE /* SiteSetting.swift */ = {isa = PBXFileReference; lastKnownFileType = sourcecode.swift; path = SiteSetting.swift; sourceTree = "<group>"; };
		C8C2C9F827F2A9BB00921EAE /* EmailSettingViewModel.swift */ = {isa = PBXFileReference; lastKnownFileType = sourcecode.swift; path = EmailSettingViewModel.swift; sourceTree = "<group>"; };
		C8C2C9FD27F2AA6400921EAE /* EmailSetting.swift */ = {isa = PBXFileReference; lastKnownFileType = sourcecode.swift; path = EmailSetting.swift; sourceTree = "<group>"; };
		C8C2CA0327F3111F00921EAE /* ReportView.swift */ = {isa = PBXFileReference; lastKnownFileType = sourcecode.swift; path = ReportView.swift; sourceTree = "<group>"; };
		C8D5D6D227FEE1A700ED8A3B /* ModalBudgetView.swift */ = {isa = PBXFileReference; lastKnownFileType = sourcecode.swift; path = ModalBudgetView.swift; sourceTree = "<group>"; };
		C8DEC29F27F0743000F2958C /* AccountDetailsModel.swift */ = {isa = PBXFileReference; lastKnownFileType = sourcecode.swift; path = AccountDetailsModel.swift; sourceTree = "<group>"; };
		C8DEC2A127F08FAE00F2958C /* Response.swift */ = {isa = PBXFileReference; lastKnownFileType = sourcecode.swift; path = Response.swift; sourceTree = "<group>"; };
		C8DEC2A327F0B75000F2958C /* ChangePassword.swift */ = {isa = PBXFileReference; lastKnownFileType = sourcecode.swift; path = ChangePassword.swift; sourceTree = "<group>"; };
		C8E6D1F32804583D005C8F0B /* ReportViewModel.swift */ = {isa = PBXFileReference; lastKnownFileType = sourcecode.swift; path = ReportViewModel.swift; sourceTree = "<group>"; };
/* End PBXFileReference section */

/* Begin PBXFrameworksBuildPhase section */
		C865E34027ED8D3600332632 /* Frameworks */ = {
			isa = PBXFrameworksBuildPhase;
			buildActionMask = 2147483647;
			files = (
			);
			runOnlyForDeploymentPostprocessing = 0;
		};
		C865E35027ED8D3800332632 /* Frameworks */ = {
			isa = PBXFrameworksBuildPhase;
			buildActionMask = 2147483647;
			files = (
			);
			runOnlyForDeploymentPostprocessing = 0;
		};
		C865E35A27ED8D3800332632 /* Frameworks */ = {
			isa = PBXFrameworksBuildPhase;
			buildActionMask = 2147483647;
			files = (
			);
			runOnlyForDeploymentPostprocessing = 0;
		};
/* End PBXFrameworksBuildPhase section */

/* Begin PBXGroup section */
		C809715B27F59CB200D46ACE /* General */ = {
			isa = PBXGroup;
			children = (
				C809715C27F59CC000D46ACE /* AccountViewModel.swift */,
				C809715E27F59CC900D46ACE /* CategoryViewModel.swift */,
				C83D08E627F7561E006CD28A /* GoalViewModel.swift */,
			);
			path = General;
			sourceTree = "<group>";
		};
		C82D526B2808787F00148821 /* Home */ = {
			isa = PBXGroup;
			children = (
				C865E39427EE0D5A00332632 /* HomeView.swift */,
				C82D526C2808789B00148821 /* TransactionModalView.swift */,
				C82D527128097C9A00148821 /* SearchView.swift */,
			);
			path = Home;
			sourceTree = "<group>";
		};
		C849789C27FFC00300A77590 /* Chart */ = {
			isa = PBXGroup;
			children = (
				C84978A628031D9200A77590 /* BarChart */,
				C84978A127FFEBED00A77590 /* PieChart */,
			);
			path = Chart;
			sourceTree = "<group>";
		};
		C84978A127FFEBED00A77590 /* PieChart */ = {
			isa = PBXGroup;
			children = (
				C849789D27FFC06C00A77590 /* PieSliceView.swift */,
				C849789F27FFCCD500A77590 /* PieChartView.swift */,
			);
			path = PieChart;
			sourceTree = "<group>";
		};
		C84978A628031D9200A77590 /* BarChart */ = {
			isa = PBXGroup;
			children = (
				C84978A928031E1300A77590 /* BarColumnView.swift */,
				C84978AB2803542A00A77590 /* BarChartView.swift */,
			);
			path = BarChart;
			sourceTree = "<group>";
		};
		C865E33A27ED8D3600332632 = {
			isa = PBXGroup;
			children = (
				C865E34527ED8D3600332632 /* MoneyPro */,
				C865E35627ED8D3800332632 /* MoneyProTests */,
				C865E36027ED8D3800332632 /* MoneyProUITests */,
				C865E34427ED8D3600332632 /* Products */,
			);
			sourceTree = "<group>";
		};
		C865E34427ED8D3600332632 /* Products */ = {
			isa = PBXGroup;
			children = (
				C865E34327ED8D3600332632 /* MoneyPro.app */,
				C865E35327ED8D3800332632 /* MoneyProTests.xctest */,
				C865E35D27ED8D3800332632 /* MoneyProUITests.xctest */,
			);
			name = Products;
			sourceTree = "<group>";
		};
		C865E34527ED8D3600332632 /* MoneyPro */ = {
			isa = PBXGroup;
			children = (
				C849789C27FFC00300A77590 /* Chart */,
				C86CFBF627F6A1A400DDD493 /* Extension */,
				C865E3D727EEDE2A00332632 /* Components */,
				C865E3D627EED76000332632 /* Helpers */,
				C865E38627EDD20000332632 /* Service */,
				C865E38127EDC76400332632 /* ViewModel */,
				C865E37827EDBA8B00332632 /* Configuration */,
				C865E37327EDB93B00332632 /* View */,
				C865E37227EDB93500332632 /* Model */,
				C865E34627ED8D3600332632 /* MoneyProApp.swift */,
				C865E34827ED8D3600332632 /* ContentView.swift */,
				C865E34A27ED8D3800332632 /* Assets.xcassets */,
				C865E34C27ED8D3800332632 /* Preview Content */,
				C865E37027ED8D9E00332632 /* LaunchScreen.storyboard */,
			);
			path = MoneyPro;
			sourceTree = "<group>";
		};
		C865E34C27ED8D3800332632 /* Preview Content */ = {
			isa = PBXGroup;
			children = (
				C865E34D27ED8D3800332632 /* Preview Assets.xcassets */,
			);
			path = "Preview Content";
			sourceTree = "<group>";
		};
		C865E35627ED8D3800332632 /* MoneyProTests */ = {
			isa = PBXGroup;
			children = (
				C865E35727ED8D3800332632 /* MoneyProTests.swift */,
			);
			path = MoneyProTests;
			sourceTree = "<group>";
		};
		C865E36027ED8D3800332632 /* MoneyProUITests */ = {
			isa = PBXGroup;
			children = (
				C865E36127ED8D3800332632 /* MoneyProUITests.swift */,
				C865E36327ED8D3800332632 /* MoneyProUITestsLaunchTests.swift */,
			);
			path = MoneyProUITests;
			sourceTree = "<group>";
		};
		C865E37227EDB93500332632 /* Model */ = {
			isa = PBXGroup;
			children = (
				C8C2C9FA27F2AA2200921EAE /* Setting */,
				C865E37B27EDBAF000332632 /* User.swift */,
				C8DEC2A127F08FAE00F2958C /* Response.swift */,
				C84978A428029FE100A77590 /* App.swift */,
			);
			path = Model;
			sourceTree = "<group>";
		};
		C865E37327EDB93B00332632 /* View */ = {
			isa = PBXGroup;
			children = (
				C82D526B2808787F00148821 /* Home */,
				C87D38D828052DBD00AC07B5 /* Report */,
				C8D5D6D127FEE19500ED8A3B /* Budget */,
				C874C60627EF43AC00624143 /* DashboardView.swift */,
				C8C2CA0527F3119200921EAE /* General */,
				C8C2C9E327F1FDF100921EAE /* Settings */,
				C8DEC29E27F05FA100F2958C /* Auth */,
				C8DEC29D27F05F9C00F2958C /* App */,
				C874C61427F0199100624143 /* Profile */,
			);
			path = View;
			sourceTree = "<group>";
		};
		C865E37827EDBA8B00332632 /* Configuration */ = {
			isa = PBXGroup;
			children = (
				C865E37927EDBAB900332632 /* AppState.swift */,
				C865E37D27EDBE0500332632 /* UIConfiguration.swift */,
				C865E38B27EDD3D000332632 /* APIConfiguration.swift */,
			);
			path = Configuration;
			sourceTree = "<group>";
		};
		C865E38127EDC76400332632 /* ViewModel */ = {
			isa = PBXGroup;
			children = (
				C87D38D32805183300AC07B5 /* Report */,
				C88CA3C227FB0612000BB1CF /* App */,
				C809715B27F59CB200D46ACE /* General */,
				C8C2C9F727F2A99B00921EAE /* More */,
				C8C2C9F627F2A99200921EAE /* Auth */,
				C865E38427EDC7C600332632 /* StatusViewModel.swift */,
			);
			path = ViewModel;
			sourceTree = "<group>";
		};
		C865E38627EDD20000332632 /* Service */ = {
			isa = PBXGroup;
			children = (
				C865E38727EDD31E00332632 /* AuthAPI.swift */,
				C865E38927EDD32A00332632 /* AuthService.swift */,
			);
			path = Service;
			sourceTree = "<group>";
		};
		C865E3D627EED76000332632 /* Helpers */ = {
			isa = PBXGroup;
			children = (
				C865E3D427EED74D00332632 /* Utils.swift */,
				C85C79FF280BD1E700E5D6AC /* ThemeManager.swift */,
			);
			path = Helpers;
			sourceTree = "<group>";
		};
		C865E3D727EEDE2A00332632 /* Components */ = {
			isa = PBXGroup;
			children = (
				C865E3D827EEDE5200332632 /* CustomTextField.swift */,
				C865E3DA27EEDE7900332632 /* CustomModifier.swift */,
				C8C2C9E127F1FC9100921EAE /* MenuItem.swift */,
				C8C2C9EA27F2070D00921EAE /* CustomTextEditor.swift */,
				C84978A228028E0800A77590 /* LoadingView.swift */,
				C82D52692807C2CD00148821 /* CustomNumberField.swift */,
			);
			path = Components;
			sourceTree = "<group>";
		};
		C86CFBF627F6A1A400DDD493 /* Extension */ = {
			isa = PBXGroup;
			children = (
				C865E37F27EDBE1700332632 /* UIColorExt.swift */,
				C86CFBF727F6A1BE00DDD493 /* ArrayExt.swift */,
				C83D08EC27F9DC5C006CD28A /* UIApplicationExt.swift */,
				C83D08EE27F9E258006CD28A /* DateExt.swift */,
				C87D38D128046FA300AC07B5 /* NumberExt.swift */,
				C82D52752809C9DD00148821 /* StringExt.swift */,
			);
			path = Extension;
			sourceTree = "<group>";
		};
		C874C61427F0199100624143 /* Profile */ = {
			isa = PBXGroup;
			children = (
				C874C61527F019A100624143 /* AccountDetails.swift */,
				C8DEC2A327F0B75000F2958C /* ChangePassword.swift */,
			);
			path = Profile;
			sourceTree = "<group>";
		};
		C87D38D32805183300AC07B5 /* Report */ = {
			isa = PBXGroup;
			children = (
				C8E6D1F32804583D005C8F0B /* ReportViewModel.swift */,
				C87D38D42805185C00AC07B5 /* CategoryReportViewModel.swift */,
				C87D38D62805256E00AC07B5 /* TransactionReportViewModel.swift */,
				C832C89E2805BBF1006FA80A /* TransactionListViewModel.swift */,
				C86ABDE0280659CA0057E53B /* PickerAccountView.swift */,
			);
			path = Report;
			sourceTree = "<group>";
		};
		C87D38D828052DBD00AC07B5 /* Report */ = {
			isa = PBXGroup;
			children = (
				C8C2CA0327F3111F00921EAE /* ReportView.swift */,
				C87D38D928052DC900AC07B5 /* TransactionListView.swift */,
				C832C8A22805D70D006FA80A /* TransactionDetailView.swift */,
			);
			path = Report;
			sourceTree = "<group>";
		};
		C88CA3C227FB0612000BB1CF /* App */ = {
			isa = PBXGroup;
			children = (
				C88CA3C327FB061F000BB1CF /* BudgetViewModel.swift */,
			);
			path = App;
			sourceTree = "<group>";
		};
		C8C2C9E327F1FDF100921EAE /* Settings */ = {
			isa = PBXGroup;
			children = (
				C874C61727F019BD00624143 /* EmailSettingView.swift */,
				C8C2C9E427F1FDFF00921EAE /* ApplicationSettingView.swift */,
				C88CA3C527FD3A9C000BB1CF /* UserManagementView.swift */,
				C88CA3C927FD3C8D000BB1CF /* ModalUserManagementView.swift */,
			);
			path = Settings;
			sourceTree = "<group>";
		};
		C8C2C9F627F2A99200921EAE /* Auth */ = {
			isa = PBXGroup;
			children = (
				C865E38227EDC77F00332632 /* SignInViewModel.swift */,
				C865E3DE27EEE23E00332632 /* SignUpViewModel.swift */,
			);
			path = Auth;
			sourceTree = "<group>";
		};
		C8C2C9F727F2A99B00921EAE /* More */ = {
			isa = PBXGroup;
			children = (
				C8DEC29F27F0743000F2958C /* AccountDetailsModel.swift */,
				C8C2C9E627F1FF8900921EAE /* ApplicationSettingViewModel.swift */,
				C8C2C9F827F2A9BB00921EAE /* EmailSettingViewModel.swift */,
				C88CA3C727FD3B0D000BB1CF /* UserManagementViewModel.swift */,
			);
			path = More;
			sourceTree = "<group>";
		};
		C8C2C9FA27F2AA2200921EAE /* Setting */ = {
			isa = PBXGroup;
			children = (
				C8C2C9EE27F20F0200921EAE /* SiteSetting.swift */,
				C8C2C9FD27F2AA6400921EAE /* EmailSetting.swift */,
			);
			path = Setting;
			sourceTree = "<group>";
		};
		C8C2CA0527F3119200921EAE /* General */ = {
			isa = PBXGroup;
			children = (
				C874C60C27EF772F00624143 /* AccountView.swift */,
				C874C60A27EF768700624143 /* CategoryView.swift */,
				C809716027F5DBA400D46ACE /* ModalCategoryView.swift */,
				C83D08E027F6C0A3006CD28A /* ModalAccountView.swift */,
				C83D08E427F755E8006CD28A /* GoalView.swift */,
				C83D08E827F75BAD006CD28A /* ModalGoalView.swift */,
				C83D08EA27F7DEC8006CD28A /* ModalGoalAddDepositView.swift */,
			);
			path = General;
			sourceTree = "<group>";
		};
		C8D5D6D127FEE19500ED8A3B /* Budget */ = {
			isa = PBXGroup;
			children = (
				C83D08E227F74084006CD28A /* BudgetView.swift */,
				C8D5D6D227FEE1A700ED8A3B /* ModalBudgetView.swift */,
				C849789827FF1D9400A77590 /* PickerCategoryView.swift */,
				C849789A27FF4B8E00A77590 /* ModalBudgetGraphView.swift */,
			);
			path = Budget;
			sourceTree = "<group>";
		};
		C8DEC29D27F05F9C00F2958C /* App */ = {
			isa = PBXGroup;
			children = (
				C874C61027EF7BAA00624143 /* MoreView.swift */,
			);
			path = App;
			sourceTree = "<group>";
		};
		C8DEC29E27F05FA100F2958C /* Auth */ = {
			isa = PBXGroup;
			children = (
				C865E37427EDBA3300332632 /* SignUpView.swift */,
				C865E37627EDBA3B00332632 /* SignInView.swift */,
			);
			path = Auth;
			sourceTree = "<group>";
		};
/* End PBXGroup section */

/* Begin PBXNativeTarget section */
		C865E34227ED8D3600332632 /* MoneyPro */ = {
			isa = PBXNativeTarget;
			buildConfigurationList = C865E36727ED8D3800332632 /* Build configuration list for PBXNativeTarget "MoneyPro" */;
			buildPhases = (
				C865E33F27ED8D3600332632 /* Sources */,
				C865E34027ED8D3600332632 /* Frameworks */,
				C865E34127ED8D3600332632 /* Resources */,
			);
			buildRules = (
			);
			dependencies = (
			);
			name = MoneyPro;
			productName = MoneyPro;
			productReference = C865E34327ED8D3600332632 /* MoneyPro.app */;
			productType = "com.apple.product-type.application";
		};
		C865E35227ED8D3800332632 /* MoneyProTests */ = {
			isa = PBXNativeTarget;
			buildConfigurationList = C865E36A27ED8D3800332632 /* Build configuration list for PBXNativeTarget "MoneyProTests" */;
			buildPhases = (
				C865E34F27ED8D3800332632 /* Sources */,
				C865E35027ED8D3800332632 /* Frameworks */,
				C865E35127ED8D3800332632 /* Resources */,
			);
			buildRules = (
			);
			dependencies = (
				C865E35527ED8D3800332632 /* PBXTargetDependency */,
			);
			name = MoneyProTests;
			productName = MoneyProTests;
			productReference = C865E35327ED8D3800332632 /* MoneyProTests.xctest */;
			productType = "com.apple.product-type.bundle.unit-test";
		};
		C865E35C27ED8D3800332632 /* MoneyProUITests */ = {
			isa = PBXNativeTarget;
			buildConfigurationList = C865E36D27ED8D3800332632 /* Build configuration list for PBXNativeTarget "MoneyProUITests" */;
			buildPhases = (
				C865E35927ED8D3800332632 /* Sources */,
				C865E35A27ED8D3800332632 /* Frameworks */,
				C865E35B27ED8D3800332632 /* Resources */,
			);
			buildRules = (
			);
			dependencies = (
				C865E35F27ED8D3800332632 /* PBXTargetDependency */,
			);
			name = MoneyProUITests;
			productName = MoneyProUITests;
			productReference = C865E35D27ED8D3800332632 /* MoneyProUITests.xctest */;
			productType = "com.apple.product-type.bundle.ui-testing";
		};
/* End PBXNativeTarget section */

/* Begin PBXProject section */
		C865E33B27ED8D3600332632 /* Project object */ = {
			isa = PBXProject;
			attributes = {
				BuildIndependentTargetsInParallel = 1;
				LastSwiftUpdateCheck = 1330;
				LastUpgradeCheck = 1330;
				TargetAttributes = {
					C865E34227ED8D3600332632 = {
						CreatedOnToolsVersion = 13.3;
					};
					C865E35227ED8D3800332632 = {
						CreatedOnToolsVersion = 13.3;
						TestTargetID = C865E34227ED8D3600332632;
					};
					C865E35C27ED8D3800332632 = {
						CreatedOnToolsVersion = 13.3;
						TestTargetID = C865E34227ED8D3600332632;
					};
				};
			};
			buildConfigurationList = C865E33E27ED8D3600332632 /* Build configuration list for PBXProject "MoneyPro" */;
			compatibilityVersion = "Xcode 13.0";
			developmentRegion = en;
			hasScannedForEncodings = 0;
			knownRegions = (
				en,
				Base,
			);
			mainGroup = C865E33A27ED8D3600332632;
			productRefGroup = C865E34427ED8D3600332632 /* Products */;
			projectDirPath = "";
			projectRoot = "";
			targets = (
				C865E34227ED8D3600332632 /* MoneyPro */,
				C865E35227ED8D3800332632 /* MoneyProTests */,
				C865E35C27ED8D3800332632 /* MoneyProUITests */,
			);
		};
/* End PBXProject section */

/* Begin PBXResourcesBuildPhase section */
		C865E34127ED8D3600332632 /* Resources */ = {
			isa = PBXResourcesBuildPhase;
			buildActionMask = 2147483647;
			files = (
				C865E37127ED8D9E00332632 /* LaunchScreen.storyboard in Resources */,
				C865E34E27ED8D3800332632 /* Preview Assets.xcassets in Resources */,
				C865E34B27ED8D3800332632 /* Assets.xcassets in Resources */,
			);
			runOnlyForDeploymentPostprocessing = 0;
		};
		C865E35127ED8D3800332632 /* Resources */ = {
			isa = PBXResourcesBuildPhase;
			buildActionMask = 2147483647;
			files = (
			);
			runOnlyForDeploymentPostprocessing = 0;
		};
		C865E35B27ED8D3800332632 /* Resources */ = {
			isa = PBXResourcesBuildPhase;
			buildActionMask = 2147483647;
			files = (
			);
			runOnlyForDeploymentPostprocessing = 0;
		};
/* End PBXResourcesBuildPhase section */

/* Begin PBXSourcesBuildPhase section */
		C865E33F27ED8D3600332632 /* Sources */ = {
			isa = PBXSourcesBuildPhase;
			buildActionMask = 2147483647;
			files = (
				C865E3DB27EEDE7900332632 /* CustomModifier.swift in Sources */,
				C865E34927ED8D3600332632 /* ContentView.swift in Sources */,
				C874C61627F019A100624143 /* AccountDetails.swift in Sources */,
				C8D5D6D327FEE1A700ED8A3B /* ModalBudgetView.swift in Sources */,
				C83D08ED27F9DC5C006CD28A /* UIApplicationExt.swift in Sources */,
				C82D526D2808789B00148821 /* TransactionModalView.swift in Sources */,
				C865E38027EDBE1700332632 /* UIColorExt.swift in Sources */,
				C865E38827EDD31E00332632 /* AuthAPI.swift in Sources */,
				C84978A328028E0800A77590 /* LoadingView.swift in Sources */,
				C8DEC2A227F08FAE00F2958C /* Response.swift in Sources */,
				C809716127F5DBA400D46ACE /* ModalCategoryView.swift in Sources */,
				C849789927FF1D9500A77590 /* PickerCategoryView.swift in Sources */,
				C809715F27F59CC900D46ACE /* CategoryViewModel.swift in Sources */,
				C83D08E327F74084006CD28A /* BudgetView.swift in Sources */,
				C8C2C9E727F1FF8900921EAE /* ApplicationSettingViewModel.swift in Sources */,
				C8DEC2A427F0B75000F2958C /* ChangePassword.swift in Sources */,
				C88CA3C827FD3B0D000BB1CF /* UserManagementViewModel.swift in Sources */,
				C83D08EB27F7DEC8006CD28A /* ModalGoalAddDepositView.swift in Sources */,
				C88CA3C427FB061F000BB1CF /* BudgetViewModel.swift in Sources */,
				C865E38A27EDD32A00332632 /* AuthService.swift in Sources */,
				C865E3D927EEDE5200332632 /* CustomTextField.swift in Sources */,
				C8C2C9E527F1FDFF00921EAE /* ApplicationSettingView.swift in Sources */,
				C8C2C9F927F2A9BB00921EAE /* EmailSettingViewModel.swift in Sources */,
				C865E39527EE0D5A00332632 /* HomeView.swift in Sources */,
				C865E37E27EDBE0500332632 /* UIConfiguration.swift in Sources */,
				C865E37A27EDBAB900332632 /* AppState.swift in Sources */,
				C83D08E527F755E8006CD28A /* GoalView.swift in Sources */,
				C84978AC2803542A00A77590 /* BarChartView.swift in Sources */,
				C85C7A00280BD1E700E5D6AC /* ThemeManager.swift in Sources */,
				C82D527228097C9A00148821 /* SearchView.swift in Sources */,
				C8C2CA0427F3111F00921EAE /* ReportView.swift in Sources */,
				C87D38D72805256E00AC07B5 /* TransactionReportViewModel.swift in Sources */,
				C87D38D228046FA300AC07B5 /* NumberExt.swift in Sources */,
				C88CA3CA27FD3C8D000BB1CF /* ModalUserManagementView.swift in Sources */,
				C865E37C27EDBAF000332632 /* User.swift in Sources */,
				C8C2C9E227F1FC9100921EAE /* MenuItem.swift in Sources */,
				C8C2C9FE27F2AA6400921EAE /* EmailSetting.swift in Sources */,
				C84978A528029FE100A77590 /* App.swift in Sources */,
				C8C2C9EB27F2070D00921EAE /* CustomTextEditor.swift in Sources */,
				C865E38327EDC77F00332632 /* SignInViewModel.swift in Sources */,
				C83D08E727F7561E006CD28A /* GoalViewModel.swift in Sources */,
				C84978A027FFCCD500A77590 /* PieChartView.swift in Sources */,
				C874C60B27EF768700624143 /* CategoryView.swift in Sources */,
				C87D38DA28052DC900AC07B5 /* TransactionListView.swift in Sources */,
				C865E3DF27EEE23E00332632 /* SignUpViewModel.swift in Sources */,
				C809715D27F59CC000D46ACE /* AccountViewModel.swift in Sources */,
				C865E38527EDC7C600332632 /* StatusViewModel.swift in Sources */,
				C83D08E127F6C0A3006CD28A /* ModalAccountView.swift in Sources */,
				C832C8A32805D70D006FA80A /* TransactionDetailView.swift in Sources */,
				C865E38C27EDD3D000332632 /* APIConfiguration.swift in Sources */,
				C874C61127EF7BAA00624143 /* MoreView.swift in Sources */,
				C865E37527EDBA3300332632 /* SignUpView.swift in Sources */,
				C8DEC2A027F0743000F2958C /* AccountDetailsModel.swift in Sources */,
				C874C60D27EF772F00624143 /* AccountView.swift in Sources */,
				C86ABDE1280659CA0057E53B /* PickerAccountView.swift in Sources */,
				C874C61827F019BD00624143 /* EmailSettingView.swift in Sources */,
				C849789E27FFC06C00A77590 /* PieSliceView.swift in Sources */,
				C874C60727EF43AC00624143 /* DashboardView.swift in Sources */,
				C82D526A2807C2CD00148821 /* CustomNumberField.swift in Sources */,
				C82D52762809C9DD00148821 /* StringExt.swift in Sources */,
				C849789B27FF4B8E00A77590 /* ModalBudgetGraphView.swift in Sources */,
				C832C89F2805BBF1006FA80A /* TransactionListViewModel.swift in Sources */,
				C83D08E927F75BAD006CD28A /* ModalGoalView.swift in Sources */,
				C84978AA28031E1300A77590 /* BarColumnView.swift in Sources */,
				C83D08EF27F9E258006CD28A /* DateExt.swift in Sources */,
				C865E37727EDBA3B00332632 /* SignInView.swift in Sources */,
				C865E34727ED8D3600332632 /* MoneyProApp.swift in Sources */,
				C88CA3C627FD3A9C000BB1CF /* UserManagementView.swift in Sources */,
				C8E6D1F42804583D005C8F0B /* ReportViewModel.swift in Sources */,
				C86CFBF827F6A1BE00DDD493 /* ArrayExt.swift in Sources */,
				C865E3D527EED74D00332632 /* Utils.swift in Sources */,
				C87D38D52805185C00AC07B5 /* CategoryReportViewModel.swift in Sources */,
				C8C2C9EF27F20F0200921EAE /* SiteSetting.swift in Sources */,
			);
			runOnlyForDeploymentPostprocessing = 0;
		};
		C865E34F27ED8D3800332632 /* Sources */ = {
			isa = PBXSourcesBuildPhase;
			buildActionMask = 2147483647;
			files = (
				C865E35827ED8D3800332632 /* MoneyProTests.swift in Sources */,
			);
			runOnlyForDeploymentPostprocessing = 0;
		};
		C865E35927ED8D3800332632 /* Sources */ = {
			isa = PBXSourcesBuildPhase;
			buildActionMask = 2147483647;
			files = (
				C865E36427ED8D3800332632 /* MoneyProUITestsLaunchTests.swift in Sources */,
				C865E36227ED8D3800332632 /* MoneyProUITests.swift in Sources */,
			);
			runOnlyForDeploymentPostprocessing = 0;
		};
/* End PBXSourcesBuildPhase section */

/* Begin PBXTargetDependency section */
		C865E35527ED8D3800332632 /* PBXTargetDependency */ = {
			isa = PBXTargetDependency;
			target = C865E34227ED8D3600332632 /* MoneyPro */;
			targetProxy = C865E35427ED8D3800332632 /* PBXContainerItemProxy */;
		};
		C865E35F27ED8D3800332632 /* PBXTargetDependency */ = {
			isa = PBXTargetDependency;
			target = C865E34227ED8D3600332632 /* MoneyPro */;
			targetProxy = C865E35E27ED8D3800332632 /* PBXContainerItemProxy */;
		};
/* End PBXTargetDependency section */

/* Begin XCBuildConfiguration section */
		C865E36527ED8D3800332632 /* Debug */ = {
			isa = XCBuildConfiguration;
			buildSettings = {
				ALWAYS_SEARCH_USER_PATHS = NO;
				CLANG_ANALYZER_NONNULL = YES;
				CLANG_ANALYZER_NUMBER_OBJECT_CONVERSION = YES_AGGRESSIVE;
				CLANG_CXX_LANGUAGE_STANDARD = "gnu++17";
				CLANG_ENABLE_MODULES = YES;
				CLANG_ENABLE_OBJC_ARC = YES;
				CLANG_ENABLE_OBJC_WEAK = YES;
				CLANG_WARN_BLOCK_CAPTURE_AUTORELEASING = YES;
				CLANG_WARN_BOOL_CONVERSION = YES;
				CLANG_WARN_COMMA = YES;
				CLANG_WARN_CONSTANT_CONVERSION = YES;
				CLANG_WARN_DEPRECATED_OBJC_IMPLEMENTATIONS = YES;
				CLANG_WARN_DIRECT_OBJC_ISA_USAGE = YES_ERROR;
				CLANG_WARN_DOCUMENTATION_COMMENTS = YES;
				CLANG_WARN_EMPTY_BODY = YES;
				CLANG_WARN_ENUM_CONVERSION = YES;
				CLANG_WARN_INFINITE_RECURSION = YES;
				CLANG_WARN_INT_CONVERSION = YES;
				CLANG_WARN_NON_LITERAL_NULL_CONVERSION = YES;
				CLANG_WARN_OBJC_IMPLICIT_RETAIN_SELF = YES;
				CLANG_WARN_OBJC_LITERAL_CONVERSION = YES;
				CLANG_WARN_OBJC_ROOT_CLASS = YES_ERROR;
				CLANG_WARN_QUOTED_INCLUDE_IN_FRAMEWORK_HEADER = YES;
				CLANG_WARN_RANGE_LOOP_ANALYSIS = YES;
				CLANG_WARN_STRICT_PROTOTYPES = YES;
				CLANG_WARN_SUSPICIOUS_MOVE = YES;
				CLANG_WARN_UNGUARDED_AVAILABILITY = YES_AGGRESSIVE;
				CLANG_WARN_UNREACHABLE_CODE = YES;
				CLANG_WARN__DUPLICATE_METHOD_MATCH = YES;
				COPY_PHASE_STRIP = NO;
				DEBUG_INFORMATION_FORMAT = dwarf;
				ENABLE_STRICT_OBJC_MSGSEND = YES;
				ENABLE_TESTABILITY = YES;
				GCC_C_LANGUAGE_STANDARD = gnu11;
				GCC_DYNAMIC_NO_PIC = NO;
				GCC_NO_COMMON_BLOCKS = YES;
				GCC_OPTIMIZATION_LEVEL = 0;
				GCC_PREPROCESSOR_DEFINITIONS = (
					"DEBUG=1",
					"$(inherited)",
				);
				GCC_WARN_64_TO_32_BIT_CONVERSION = YES;
				GCC_WARN_ABOUT_RETURN_TYPE = YES_ERROR;
				GCC_WARN_UNDECLARED_SELECTOR = YES;
				GCC_WARN_UNINITIALIZED_AUTOS = YES_AGGRESSIVE;
				GCC_WARN_UNUSED_FUNCTION = YES;
				GCC_WARN_UNUSED_VARIABLE = YES;
				IPHONEOS_DEPLOYMENT_TARGET = 15.4;
				MTL_ENABLE_DEBUG_INFO = INCLUDE_SOURCE;
				MTL_FAST_MATH = YES;
				ONLY_ACTIVE_ARCH = YES;
				SDKROOT = iphoneos;
				SWIFT_ACTIVE_COMPILATION_CONDITIONS = DEBUG;
				SWIFT_OPTIMIZATION_LEVEL = "-Onone";
			};
			name = Debug;
		};
		C865E36627ED8D3800332632 /* Release */ = {
			isa = XCBuildConfiguration;
			buildSettings = {
				ALWAYS_SEARCH_USER_PATHS = NO;
				CLANG_ANALYZER_NONNULL = YES;
				CLANG_ANALYZER_NUMBER_OBJECT_CONVERSION = YES_AGGRESSIVE;
				CLANG_CXX_LANGUAGE_STANDARD = "gnu++17";
				CLANG_ENABLE_MODULES = YES;
				CLANG_ENABLE_OBJC_ARC = YES;
				CLANG_ENABLE_OBJC_WEAK = YES;
				CLANG_WARN_BLOCK_CAPTURE_AUTORELEASING = YES;
				CLANG_WARN_BOOL_CONVERSION = YES;
				CLANG_WARN_COMMA = YES;
				CLANG_WARN_CONSTANT_CONVERSION = YES;
				CLANG_WARN_DEPRECATED_OBJC_IMPLEMENTATIONS = YES;
				CLANG_WARN_DIRECT_OBJC_ISA_USAGE = YES_ERROR;
				CLANG_WARN_DOCUMENTATION_COMMENTS = YES;
				CLANG_WARN_EMPTY_BODY = YES;
				CLANG_WARN_ENUM_CONVERSION = YES;
				CLANG_WARN_INFINITE_RECURSION = YES;
				CLANG_WARN_INT_CONVERSION = YES;
				CLANG_WARN_NON_LITERAL_NULL_CONVERSION = YES;
				CLANG_WARN_OBJC_IMPLICIT_RETAIN_SELF = YES;
				CLANG_WARN_OBJC_LITERAL_CONVERSION = YES;
				CLANG_WARN_OBJC_ROOT_CLASS = YES_ERROR;
				CLANG_WARN_QUOTED_INCLUDE_IN_FRAMEWORK_HEADER = YES;
				CLANG_WARN_RANGE_LOOP_ANALYSIS = YES;
				CLANG_WARN_STRICT_PROTOTYPES = YES;
				CLANG_WARN_SUSPICIOUS_MOVE = YES;
				CLANG_WARN_UNGUARDED_AVAILABILITY = YES_AGGRESSIVE;
				CLANG_WARN_UNREACHABLE_CODE = YES;
				CLANG_WARN__DUPLICATE_METHOD_MATCH = YES;
				COPY_PHASE_STRIP = NO;
				DEBUG_INFORMATION_FORMAT = "dwarf-with-dsym";
				ENABLE_NS_ASSERTIONS = NO;
				ENABLE_STRICT_OBJC_MSGSEND = YES;
				GCC_C_LANGUAGE_STANDARD = gnu11;
				GCC_NO_COMMON_BLOCKS = YES;
				GCC_WARN_64_TO_32_BIT_CONVERSION = YES;
				GCC_WARN_ABOUT_RETURN_TYPE = YES_ERROR;
				GCC_WARN_UNDECLARED_SELECTOR = YES;
				GCC_WARN_UNINITIALIZED_AUTOS = YES_AGGRESSIVE;
				GCC_WARN_UNUSED_FUNCTION = YES;
				GCC_WARN_UNUSED_VARIABLE = YES;
				IPHONEOS_DEPLOYMENT_TARGET = 15.4;
				MTL_ENABLE_DEBUG_INFO = NO;
				MTL_FAST_MATH = YES;
				SDKROOT = iphoneos;
				SWIFT_COMPILATION_MODE = wholemodule;
				SWIFT_OPTIMIZATION_LEVEL = "-O";
				VALIDATE_PRODUCT = YES;
			};
			name = Release;
		};
		C865E36827ED8D3800332632 /* Debug */ = {
			isa = XCBuildConfiguration;
			buildSettings = {
				ASSETCATALOG_COMPILER_APPICON_NAME = AppIcon;
				ASSETCATALOG_COMPILER_GLOBAL_ACCENT_COLOR_NAME = AccentColor;
				ASSETCATALOG_COMPILER_INCLUDE_ALL_APPICON_ASSETS = NO;
				CODE_SIGN_IDENTITY = "Apple Development";
				CODE_SIGN_STYLE = Automatic;
				CURRENT_PROJECT_VERSION = 1.0.4;
				DEVELOPMENT_ASSET_PATHS = "\"MoneyPro/Preview Content\"";
				DEVELOPMENT_TEAM = XURC38AJ5Z;
				ENABLE_PREVIEWS = YES;
				GENERATE_INFOPLIST_FILE = YES;
				INFOPLIST_KEY_UIApplicationSceneManifest_Generation = YES;
				INFOPLIST_KEY_UIApplicationSupportsIndirectInputEvents = YES;
				INFOPLIST_KEY_UILaunchScreen_Generation = YES;
				INFOPLIST_KEY_UILaunchStoryboardName = LaunchScreen;
				INFOPLIST_KEY_UISupportedInterfaceOrientations = UIInterfaceOrientationPortrait;
				INFOPLIST_KEY_UISupportedInterfaceOrientations_iPad = "UIInterfaceOrientationPortrait UIInterfaceOrientationPortraitUpsideDown UIInterfaceOrientationLandscapeLeft UIInterfaceOrientationLandscapeRight";
				INFOPLIST_KEY_UISupportedInterfaceOrientations_iPhone = "UIInterfaceOrientationPortrait UIInterfaceOrientationLandscapeLeft UIInterfaceOrientationLandscapeRight";
				IPHONEOS_DEPLOYMENT_TARGET = 15.0;
				LD_RUNPATH_SEARCH_PATHS = (
					"$(inherited)",
					"@executable_path/Frameworks",
				);
				MARKETING_VERSION = 1.0;
				PRODUCT_BUNDLE_IDENTIFIER = ngdanghau.MoneyPro;
				PRODUCT_NAME = MoneyPro;
				PROVISIONING_PROFILE_SPECIFIER = "";
				SWIFT_EMIT_LOC_STRINGS = YES;
				SWIFT_VERSION = 5.0;
				TARGETED_DEVICE_FAMILY = "1,2";
			};
			name = Debug;
		};
		C865E36927ED8D3800332632 /* Release */ = {
			isa = XCBuildConfiguration;
			buildSettings = {
				ASSETCATALOG_COMPILER_APPICON_NAME = AppIcon;
				ASSETCATALOG_COMPILER_GLOBAL_ACCENT_COLOR_NAME = AccentColor;
				ASSETCATALOG_COMPILER_INCLUDE_ALL_APPICON_ASSETS = NO;
				CODE_SIGN_IDENTITY = "Apple Development";
				CODE_SIGN_STYLE = Automatic;
				CURRENT_PROJECT_VERSION = 1.0.4;
				DEVELOPMENT_ASSET_PATHS = "\"MoneyPro/Preview Content\"";
				DEVELOPMENT_TEAM = XURC38AJ5Z;
				ENABLE_PREVIEWS = YES;
				GENERATE_INFOPLIST_FILE = YES;
				INFOPLIST_KEY_UIApplicationSceneManifest_Generation = YES;
				INFOPLIST_KEY_UIApplicationSupportsIndirectInputEvents = YES;
				INFOPLIST_KEY_UILaunchScreen_Generation = YES;
				INFOPLIST_KEY_UILaunchStoryboardName = LaunchScreen;
				INFOPLIST_KEY_UISupportedInterfaceOrientations = UIInterfaceOrientationPortrait;
				INFOPLIST_KEY_UISupportedInterfaceOrientations_iPad = "UIInterfaceOrientationPortrait UIInterfaceOrientationPortraitUpsideDown UIInterfaceOrientationLandscapeLeft UIInterfaceOrientationLandscapeRight";
				INFOPLIST_KEY_UISupportedInterfaceOrientations_iPhone = "UIInterfaceOrientationPortrait UIInterfaceOrientationLandscapeLeft UIInterfaceOrientationLandscapeRight";
				IPHONEOS_DEPLOYMENT_TARGET = 15.0;
				LD_RUNPATH_SEARCH_PATHS = (
					"$(inherited)",
					"@executable_path/Frameworks",
				);
				MARKETING_VERSION = 1.0;
				PRODUCT_BUNDLE_IDENTIFIER = ngdanghau.MoneyPro;
				PRODUCT_NAME = MoneyPro;
				PROVISIONING_PROFILE_SPECIFIER = "";
				SWIFT_EMIT_LOC_STRINGS = YES;
				SWIFT_VERSION = 5.0;
				TARGETED_DEVICE_FAMILY = "1,2";
			};
			name = Release;
		};
		C865E36B27ED8D3800332632 /* Debug */ = {
			isa = XCBuildConfiguration;
			buildSettings = {
				ALWAYS_EMBED_SWIFT_STANDARD_LIBRARIES = YES;
				BUNDLE_LOADER = "$(TEST_HOST)";
				CODE_SIGN_STYLE = Automatic;
				CURRENT_PROJECT_VERSION = 1;
				DEVELOPMENT_TEAM = XURC38AJ5Z;
				GENERATE_INFOPLIST_FILE = YES;
				IPHONEOS_DEPLOYMENT_TARGET = 15.4;
				MARKETING_VERSION = 1.0;
				PRODUCT_BUNDLE_IDENTIFIER = ngdanghau.MoneyProTests;
				PRODUCT_NAME = "$(TARGET_NAME)";
				SWIFT_EMIT_LOC_STRINGS = NO;
				SWIFT_VERSION = 5.0;
				TARGETED_DEVICE_FAMILY = "1,2";
				TEST_HOST = "$(BUILT_PRODUCTS_DIR)/MoneyPro.app/MoneyPro";
			};
			name = Debug;
		};
		C865E36C27ED8D3800332632 /* Release */ = {
			isa = XCBuildConfiguration;
			buildSettings = {
				ALWAYS_EMBED_SWIFT_STANDARD_LIBRARIES = YES;
				BUNDLE_LOADER = "$(TEST_HOST)";
				CODE_SIGN_STYLE = Automatic;
				CURRENT_PROJECT_VERSION = 1;
				DEVELOPMENT_TEAM = XURC38AJ5Z;
				GENERATE_INFOPLIST_FILE = YES;
				IPHONEOS_DEPLOYMENT_TARGET = 15.4;
				MARKETING_VERSION = 1.0;
				PRODUCT_BUNDLE_IDENTIFIER = ngdanghau.MoneyProTests;
				PRODUCT_NAME = "$(TARGET_NAME)";
				SWIFT_EMIT_LOC_STRINGS = NO;
				SWIFT_VERSION = 5.0;
				TARGETED_DEVICE_FAMILY = "1,2";
				TEST_HOST = "$(BUILT_PRODUCTS_DIR)/MoneyPro.app/MoneyPro";
			};
			name = Release;
		};
		C865E36E27ED8D3800332632 /* Debug */ = {
			isa = XCBuildConfiguration;
			buildSettings = {
				ALWAYS_EMBED_SWIFT_STANDARD_LIBRARIES = YES;
				CODE_SIGN_STYLE = Automatic;
				CURRENT_PROJECT_VERSION = 1;
				DEVELOPMENT_TEAM = XURC38AJ5Z;
				GENERATE_INFOPLIST_FILE = YES;
				MARKETING_VERSION = 1.0;
				PRODUCT_BUNDLE_IDENTIFIER = ngdanghau.MoneyProUITests;
				PRODUCT_NAME = "$(TARGET_NAME)";
				SWIFT_EMIT_LOC_STRINGS = NO;
				SWIFT_VERSION = 5.0;
				TARGETED_DEVICE_FAMILY = "1,2";
				TEST_TARGET_NAME = MoneyPro;
			};
			name = Debug;
		};
		C865E36F27ED8D3800332632 /* Release */ = {
			isa = XCBuildConfiguration;
			buildSettings = {
				ALWAYS_EMBED_SWIFT_STANDARD_LIBRARIES = YES;
				CODE_SIGN_STYLE = Automatic;
				CURRENT_PROJECT_VERSION = 1;
				DEVELOPMENT_TEAM = XURC38AJ5Z;
				GENERATE_INFOPLIST_FILE = YES;
				MARKETING_VERSION = 1.0;
				PRODUCT_BUNDLE_IDENTIFIER = ngdanghau.MoneyProUITests;
				PRODUCT_NAME = "$(TARGET_NAME)";
				SWIFT_EMIT_LOC_STRINGS = NO;
				SWIFT_VERSION = 5.0;
				TARGETED_DEVICE_FAMILY = "1,2";
				TEST_TARGET_NAME = MoneyPro;
			};
			name = Release;
		};
/* End XCBuildConfiguration section */

/* Begin XCConfigurationList section */
		C865E33E27ED8D3600332632 /* Build configuration list for PBXProject "MoneyPro" */ = {
			isa = XCConfigurationList;
			buildConfigurations = (
				C865E36527ED8D3800332632 /* Debug */,
				C865E36627ED8D3800332632 /* Release */,
			);
			defaultConfigurationIsVisible = 0;
			defaultConfigurationName = Release;
		};
		C865E36727ED8D3800332632 /* Build configuration list for PBXNativeTarget "MoneyPro" */ = {
			isa = XCConfigurationList;
			buildConfigurations = (
				C865E36827ED8D3800332632 /* Debug */,
				C865E36927ED8D3800332632 /* Release */,
			);
			defaultConfigurationIsVisible = 0;
			defaultConfigurationName = Release;
		};
		C865E36A27ED8D3800332632 /* Build configuration list for PBXNativeTarget "MoneyProTests" */ = {
			isa = XCConfigurationList;
			buildConfigurations = (
				C865E36B27ED8D3800332632 /* Debug */,
				C865E36C27ED8D3800332632 /* Release */,
			);
			defaultConfigurationIsVisible = 0;
			defaultConfigurationName = Release;
		};
		C865E36D27ED8D3800332632 /* Build configuration list for PBXNativeTarget "MoneyProUITests" */ = {
			isa = XCConfigurationList;
			buildConfigurations = (
				C865E36E27ED8D3800332632 /* Debug */,
				C865E36F27ED8D3800332632 /* Release */,
			);
			defaultConfigurationIsVisible = 0;
			defaultConfigurationName = Release;
		};
/* End XCConfigurationList section */
	};
	rootObject = C865E33B27ED8D3600332632 /* Project object */;
}
